{
    "_meta": {
        "sources": [
            {
                "url": "https://pypi.python.org/simple",
                "verify_ssl": true
            }
        ],
        "requires": {},
        "hash": {
            "sha256": "b09e79bcb82fb614e51a3e64f97ef99e4b4beedb5b97e2839bb2987870e3036a"
        }
    },
    "default": {
        "selenium": {
            "hash": "sha256:33be5a03d87bf0e6c7a57d3f9bba5314cc66ce4acd44f003465386af2f5a7b4f",
            "version": "==3.0.2"
        }
    },
    "develop": {}
}